// !$*UTF8*$!
{
	archiveVersion = 1;
	classes = {
	};
	objectVersion = 46;
	objects = {

/* Begin PBXBuildFile section */
		5C27C02C0B627713BEE373AF /* Pods_PPAppTests.framework in Frameworks */ = {isa = PBXBuildFile; fileRef = E51CD529D298A7D231B7D9F8 /* Pods_PPAppTests.framework */; };
		7605F5341E6FF212007D68B2 /* API.swift in Sources */ = {isa = PBXBuildFile; fileRef = 7605F5331E6FF212007D68B2 /* API.swift */; };
		7605F5371E6FF449007D68B2 /* Router.swift in Sources */ = {isa = PBXBuildFile; fileRef = 7605F5361E6FF449007D68B2 /* Router.swift */; };
		7605F5391E6FF627007D68B2 /* NHKRouter.swift in Sources */ = {isa = PBXBuildFile; fileRef = 7605F5381E6FF627007D68B2 /* NHKRouter.swift */; };
		7605F53C1E6FF764007D68B2 /* NHKRequest.swift in Sources */ = {isa = PBXBuildFile; fileRef = 7605F53B1E6FF764007D68B2 /* NHKRequest.swift */; };
		7605F53E1E6FFAE4007D68B2 /* Request.swift in Sources */ = {isa = PBXBuildFile; fileRef = 7605F53D1E6FFAE4007D68B2 /* Request.swift */; };
		7605F5411E6FFFE6007D68B2 /* NHK.swift in Sources */ = {isa = PBXBuildFile; fileRef = 7605F5401E6FFFE6007D68B2 /* NHK.swift */; };
		7605F5451E70008F007D68B2 /* Alamofire.swift in Sources */ = {isa = PBXBuildFile; fileRef = 7605F5441E70008F007D68B2 /* Alamofire.swift */; };
		7605F5481E7003C0007D68B2 /* NHKProgram.swift in Sources */ = {isa = PBXBuildFile; fileRef = 7605F5471E7003C0007D68B2 /* NHKProgram.swift */; };
		7696FE031E70E33D00C57AEC /* NHKService.swift in Sources */ = {isa = PBXBuildFile; fileRef = 7696FE021E70E33D00C57AEC /* NHKService.swift */; };
		7696FE051E70FD9700C57AEC /* NHKArea.swift in Sources */ = {isa = PBXBuildFile; fileRef = 7696FE041E70FD9700C57AEC /* NHKArea.swift */; };
		7696FE071E70FDF300C57AEC /* NHKDescription.swift in Sources */ = {isa = PBXBuildFile; fileRef = 7696FE061E70FDF300C57AEC /* NHKDescription.swift */; };
		7696FE091E7114D300C57AEC /* DefaultsKeys.swift in Sources */ = {isa = PBXBuildFile; fileRef = 7696FE081E7114D300C57AEC /* DefaultsKeys.swift */; };
		7696FE0B1E71159500C57AEC /* Auth.storyboard in Resources */ = {isa = PBXBuildFile; fileRef = 7696FE0A1E71159500C57AEC /* Auth.storyboard */; };
		7696FE0E1E7115E100C57AEC /* AuthController.swift in Sources */ = {isa = PBXBuildFile; fileRef = 7696FE0D1E7115E100C57AEC /* AuthController.swift */; };
		7696FE121E7132C200C57AEC /* NHKProgramListViewController.swift in Sources */ = {isa = PBXBuildFile; fileRef = 7696FE111E7132C200C57AEC /* NHKProgramListViewController.swift */; };
		7696FE141E7132D100C57AEC /* NHKProgramDetailViewController.swift in Sources */ = {isa = PBXBuildFile; fileRef = 7696FE131E7132D100C57AEC /* NHKProgramDetailViewController.swift */; };
		7697CD101E6FEE2100F44860 /* AppDelegate.swift in Sources */ = {isa = PBXBuildFile; fileRef = 7697CD0F1E6FEE2100F44860 /* AppDelegate.swift */; };
		7697CD141E6FEE2100F44860 /* SecondViewController.swift in Sources */ = {isa = PBXBuildFile; fileRef = 7697CD131E6FEE2100F44860 /* SecondViewController.swift */; };
		7697CD171E6FEE2100F44860 /* Main.storyboard in Resources */ = {isa = PBXBuildFile; fileRef = 7697CD151E6FEE2100F44860 /* Main.storyboard */; };
		7697CD191E6FEE2100F44860 /* Assets.xcassets in Resources */ = {isa = PBXBuildFile; fileRef = 7697CD181E6FEE2100F44860 /* Assets.xcassets */; };
		7697CD1C1E6FEE2100F44860 /* LaunchScreen.storyboard in Resources */ = {isa = PBXBuildFile; fileRef = 7697CD1A1E6FEE2100F44860 /* LaunchScreen.storyboard */; };
		7697CD271E6FEE2200F44860 /* PPAppTests.swift in Sources */ = {isa = PBXBuildFile; fileRef = 7697CD261E6FEE2200F44860 /* PPAppTests.swift */; };
		7697CD321E6FEE2200F44860 /* PPAppUITests.swift in Sources */ = {isa = PBXBuildFile; fileRef = 7697CD311E6FEE2200F44860 /* PPAppUITests.swift */; };
		76E803351E78EC5A005A0C20 /* LayoutTestViewController.swift in Sources */ = {isa = PBXBuildFile; fileRef = 76E803341E78EC5A005A0C20 /* LayoutTestViewController.swift */; };
		7D7CB2D4DEC973C41B1CA44C /* Pods_PPAppUITests.framework in Frameworks */ = {isa = PBXBuildFile; fileRef = 41AE8CD1F5DFCE595B833BB2 /* Pods_PPAppUITests.framework */; };
		9A660E891DF156FEA22F62FA /* Pods_PPApp.framework in Frameworks */ = {isa = PBXBuildFile; fileRef = 824A87A35D48FE8299C021D0 /* Pods_PPApp.framework */; };
/* End PBXBuildFile section */

/* Begin PBXContainerItemProxy section */
		7697CD231E6FEE2200F44860 /* PBXContainerItemProxy */ = {
			isa = PBXContainerItemProxy;
			containerPortal = 7697CD041E6FEE2100F44860 /* Project object */;
			proxyType = 1;
			remoteGlobalIDString = 7697CD0B1E6FEE2100F44860;
			remoteInfo = PPApp;
		};
		7697CD2E1E6FEE2200F44860 /* PBXContainerItemProxy */ = {
			isa = PBXContainerItemProxy;
			containerPortal = 7697CD041E6FEE2100F44860 /* Project object */;
			proxyType = 1;
			remoteGlobalIDString = 7697CD0B1E6FEE2100F44860;
			remoteInfo = PPApp;
		};
/* End PBXContainerItemProxy section */

/* Begin PBXFileReference section */
		41AE8CD1F5DFCE595B833BB2 /* Pods_PPAppUITests.framework */ = {isa = PBXFileReference; explicitFileType = wrapper.framework; includeInIndex = 0; path = Pods_PPAppUITests.framework; sourceTree = BUILT_PRODUCTS_DIR; };
		498FA3DB2D5416BF26ABFCB9 /* Pods-PPAppTests.release.xcconfig */ = {isa = PBXFileReference; includeInIndex = 1; lastKnownFileType = text.xcconfig; name = "Pods-PPAppTests.release.xcconfig"; path = "Pods/Target Support Files/Pods-PPAppTests/Pods-PPAppTests.release.xcconfig"; sourceTree = "<group>"; };
		7605F5331E6FF212007D68B2 /* API.swift */ = {isa = PBXFileReference; fileEncoding = 4; lastKnownFileType = sourcecode.swift; path = API.swift; sourceTree = "<group>"; };
		7605F5361E6FF449007D68B2 /* Router.swift */ = {isa = PBXFileReference; fileEncoding = 4; lastKnownFileType = sourcecode.swift; path = Router.swift; sourceTree = "<group>"; };
		7605F5381E6FF627007D68B2 /* NHKRouter.swift */ = {isa = PBXFileReference; fileEncoding = 4; lastKnownFileType = sourcecode.swift; path = NHKRouter.swift; sourceTree = "<group>"; };
		7605F53B1E6FF764007D68B2 /* NHKRequest.swift */ = {isa = PBXFileReference; fileEncoding = 4; lastKnownFileType = sourcecode.swift; path = NHKRequest.swift; sourceTree = "<group>"; };
		7605F53D1E6FFAE4007D68B2 /* Request.swift */ = {isa = PBXFileReference; fileEncoding = 4; lastKnownFileType = sourcecode.swift; path = Request.swift; sourceTree = "<group>"; };
		7605F5401E6FFFE6007D68B2 /* NHK.swift */ = {isa = PBXFileReference; fileEncoding = 4; lastKnownFileType = sourcecode.swift; path = NHK.swift; sourceTree = "<group>"; };
		7605F5441E70008F007D68B2 /* Alamofire.swift */ = {isa = PBXFileReference; fileEncoding = 4; lastKnownFileType = sourcecode.swift; path = Alamofire.swift; sourceTree = "<group>"; };
		7605F5471E7003C0007D68B2 /* NHKProgram.swift */ = {isa = PBXFileReference; fileEncoding = 4; lastKnownFileType = sourcecode.swift; path = NHKProgram.swift; sourceTree = "<group>"; };
		761A4CC11E792BF600AFDE15 /* MyPlayground.playground */ = {isa = PBXFileReference; lastKnownFileType = file.playground; path = MyPlayground.playground; sourceTree = "<group>"; };
		7696FE021E70E33D00C57AEC /* NHKService.swift */ = {isa = PBXFileReference; fileEncoding = 4; lastKnownFileType = sourcecode.swift; path = NHKService.swift; sourceTree = "<group>"; };
		7696FE041E70FD9700C57AEC /* NHKArea.swift */ = {isa = PBXFileReference; fileEncoding = 4; lastKnownFileType = sourcecode.swift; path = NHKArea.swift; sourceTree = "<group>"; };
		7696FE061E70FDF300C57AEC /* NHKDescription.swift */ = {isa = PBXFileReference; fileEncoding = 4; lastKnownFileType = sourcecode.swift; path = NHKDescription.swift; sourceTree = "<group>"; };
		7696FE081E7114D300C57AEC /* DefaultsKeys.swift */ = {isa = PBXFileReference; fileEncoding = 4; lastKnownFileType = sourcecode.swift; path = DefaultsKeys.swift; sourceTree = "<group>"; };
		7696FE0A1E71159500C57AEC /* Auth.storyboard */ = {isa = PBXFileReference; fileEncoding = 4; lastKnownFileType = file.storyboard; path = Auth.storyboard; sourceTree = "<group>"; };
		7696FE0D1E7115E100C57AEC /* AuthController.swift */ = {isa = PBXFileReference; fileEncoding = 4; lastKnownFileType = sourcecode.swift; path = AuthController.swift; sourceTree = "<group>"; };
		7696FE111E7132C200C57AEC /* NHKProgramListViewController.swift */ = {isa = PBXFileReference; fileEncoding = 4; lastKnownFileType = sourcecode.swift; path = NHKProgramListViewController.swift; sourceTree = "<group>"; };
		7696FE131E7132D100C57AEC /* NHKProgramDetailViewController.swift */ = {isa = PBXFileReference; fileEncoding = 4; lastKnownFileType = sourcecode.swift; path = NHKProgramDetailViewController.swift; sourceTree = "<group>"; };
		7697CD0C1E6FEE2100F44860 /* PPApp.app */ = {isa = PBXFileReference; explicitFileType = wrapper.application; includeInIndex = 0; path = PPApp.app; sourceTree = BUILT_PRODUCTS_DIR; };
		7697CD0F1E6FEE2100F44860 /* AppDelegate.swift */ = {isa = PBXFileReference; lastKnownFileType = sourcecode.swift; path = AppDelegate.swift; sourceTree = "<group>"; };
		7697CD131E6FEE2100F44860 /* SecondViewController.swift */ = {isa = PBXFileReference; lastKnownFileType = sourcecode.swift; path = SecondViewController.swift; sourceTree = "<group>"; };
		7697CD161E6FEE2100F44860 /* Base */ = {isa = PBXFileReference; lastKnownFileType = file.storyboard; name = Base; path = Base.lproj/Main.storyboard; sourceTree = "<group>"; };
		7697CD181E6FEE2100F44860 /* Assets.xcassets */ = {isa = PBXFileReference; lastKnownFileType = folder.assetcatalog; path = Assets.xcassets; sourceTree = "<group>"; };
		7697CD1B1E6FEE2100F44860 /* Base */ = {isa = PBXFileReference; lastKnownFileType = file.storyboard; name = Base; path = Base.lproj/LaunchScreen.storyboard; sourceTree = "<group>"; };
		7697CD1D1E6FEE2100F44860 /* Info.plist */ = {isa = PBXFileReference; lastKnownFileType = text.plist.xml; path = Info.plist; sourceTree = "<group>"; };
		7697CD221E6FEE2200F44860 /* PPAppTests.xctest */ = {isa = PBXFileReference; explicitFileType = wrapper.cfbundle; includeInIndex = 0; path = PPAppTests.xctest; sourceTree = BUILT_PRODUCTS_DIR; };
		7697CD261E6FEE2200F44860 /* PPAppTests.swift */ = {isa = PBXFileReference; lastKnownFileType = sourcecode.swift; path = PPAppTests.swift; sourceTree = "<group>"; };
		7697CD281E6FEE2200F44860 /* Info.plist */ = {isa = PBXFileReference; lastKnownFileType = text.plist.xml; path = Info.plist; sourceTree = "<group>"; };
		7697CD2D1E6FEE2200F44860 /* PPAppUITests.xctest */ = {isa = PBXFileReference; explicitFileType = wrapper.cfbundle; includeInIndex = 0; path = PPAppUITests.xctest; sourceTree = BUILT_PRODUCTS_DIR; };
		7697CD311E6FEE2200F44860 /* PPAppUITests.swift */ = {isa = PBXFileReference; lastKnownFileType = sourcecode.swift; path = PPAppUITests.swift; sourceTree = "<group>"; };
		7697CD331E6FEE2200F44860 /* Info.plist */ = {isa = PBXFileReference; lastKnownFileType = text.plist.xml; path = Info.plist; sourceTree = "<group>"; };
		76E803341E78EC5A005A0C20 /* LayoutTestViewController.swift */ = {isa = PBXFileReference; fileEncoding = 4; lastKnownFileType = sourcecode.swift; path = LayoutTestViewController.swift; sourceTree = "<group>"; };
		824A87A35D48FE8299C021D0 /* Pods_PPApp.framework */ = {isa = PBXFileReference; explicitFileType = wrapper.framework; includeInIndex = 0; path = Pods_PPApp.framework; sourceTree = BUILT_PRODUCTS_DIR; };
		A534D9D8E970FEBB434BAA49 /* Pods-PPAppTests.debug.xcconfig */ = {isa = PBXFileReference; includeInIndex = 1; lastKnownFileType = text.xcconfig; name = "Pods-PPAppTests.debug.xcconfig"; path = "Pods/Target Support Files/Pods-PPAppTests/Pods-PPAppTests.debug.xcconfig"; sourceTree = "<group>"; };
		ACEACC3430FD34CBAB8268AD /* Pods-PPAppUITests.release.xcconfig */ = {isa = PBXFileReference; includeInIndex = 1; lastKnownFileType = text.xcconfig; name = "Pods-PPAppUITests.release.xcconfig"; path = "Pods/Target Support Files/Pods-PPAppUITests/Pods-PPAppUITests.release.xcconfig"; sourceTree = "<group>"; };
		C34205C53DA6C106BC5BBDE8 /* Pods-PPAppUITests.debug.xcconfig */ = {isa = PBXFileReference; includeInIndex = 1; lastKnownFileType = text.xcconfig; name = "Pods-PPAppUITests.debug.xcconfig"; path = "Pods/Target Support Files/Pods-PPAppUITests/Pods-PPAppUITests.debug.xcconfig"; sourceTree = "<group>"; };
		CB98AF24E9C089888540DADD /* Pods-PPApp.release.xcconfig */ = {isa = PBXFileReference; includeInIndex = 1; lastKnownFileType = text.xcconfig; name = "Pods-PPApp.release.xcconfig"; path = "Pods/Target Support Files/Pods-PPApp/Pods-PPApp.release.xcconfig"; sourceTree = "<group>"; };
		E51CD529D298A7D231B7D9F8 /* Pods_PPAppTests.framework */ = {isa = PBXFileReference; explicitFileType = wrapper.framework; includeInIndex = 0; path = Pods_PPAppTests.framework; sourceTree = BUILT_PRODUCTS_DIR; };
		FC2A380462DB3094FE78A415 /* Pods-PPApp.debug.xcconfig */ = {isa = PBXFileReference; includeInIndex = 1; lastKnownFileType = text.xcconfig; name = "Pods-PPApp.debug.xcconfig"; path = "Pods/Target Support Files/Pods-PPApp/Pods-PPApp.debug.xcconfig"; sourceTree = "<group>"; };
/* End PBXFileReference section */

/* Begin PBXFrameworksBuildPhase section */
		7697CD091E6FEE2100F44860 /* Frameworks */ = {
			isa = PBXFrameworksBuildPhase;
			buildActionMask = 2147483647;
			files = (
				9A660E891DF156FEA22F62FA /* Pods_PPApp.framework in Frameworks */,
			);
			runOnlyForDeploymentPostprocessing = 0;
		};
		7697CD1F1E6FEE2200F44860 /* Frameworks */ = {
			isa = PBXFrameworksBuildPhase;
			buildActionMask = 2147483647;
			files = (
				5C27C02C0B627713BEE373AF /* Pods_PPAppTests.framework in Frameworks */,
			);
			runOnlyForDeploymentPostprocessing = 0;
		};
		7697CD2A1E6FEE2200F44860 /* Frameworks */ = {
			isa = PBXFrameworksBuildPhase;
			buildActionMask = 2147483647;
			files = (
				7D7CB2D4DEC973C41B1CA44C /* Pods_PPAppUITests.framework in Frameworks */,
			);
			runOnlyForDeploymentPostprocessing = 0;
		};
/* End PBXFrameworksBuildPhase section */

/* Begin PBXGroup section */
		52B7BD313E46BECF97679ED5 /* Pods */ = {
			isa = PBXGroup;
			children = (
				FC2A380462DB3094FE78A415 /* Pods-PPApp.debug.xcconfig */,
				CB98AF24E9C089888540DADD /* Pods-PPApp.release.xcconfig */,
				A534D9D8E970FEBB434BAA49 /* Pods-PPAppTests.debug.xcconfig */,
				498FA3DB2D5416BF26ABFCB9 /* Pods-PPAppTests.release.xcconfig */,
				C34205C53DA6C106BC5BBDE8 /* Pods-PPAppUITests.debug.xcconfig */,
				ACEACC3430FD34CBAB8268AD /* Pods-PPAppUITests.release.xcconfig */,
			);
			name = Pods;
			sourceTree = "<group>";
		};
		7605F5311E6FF17C007D68B2 /* API */ = {
			isa = PBXGroup;
			children = (
				7605F5331E6FF212007D68B2 /* API.swift */,
				7605F53F1E6FFFD7007D68B2 /* Services */,
				7605F53A1E6FF755007D68B2 /* Request */,
				7605F5321E6FF189007D68B2 /* Router */,
			);
			name = API;
			sourceTree = "<group>";
		};
		7605F5321E6FF189007D68B2 /* Router */ = {
			isa = PBXGroup;
			children = (
				7605F5361E6FF449007D68B2 /* Router.swift */,
				7605F5381E6FF627007D68B2 /* NHKRouter.swift */,
			);
			name = Router;
			sourceTree = "<group>";
		};
		7605F53A1E6FF755007D68B2 /* Request */ = {
			isa = PBXGroup;
			children = (
				7605F53D1E6FFAE4007D68B2 /* Request.swift */,
				7605F53B1E6FF764007D68B2 /* NHKRequest.swift */,
			);
			name = Request;
			sourceTree = "<group>";
		};
		7605F53F1E6FFFD7007D68B2 /* Services */ = {
			isa = PBXGroup;
			children = (
				7605F5401E6FFFE6007D68B2 /* NHK.swift */,
			);
			name = Services;
			sourceTree = "<group>";
		};
		7605F5421E700072007D68B2 /* Helpers */ = {
			isa = PBXGroup;
			children = (
				7605F5431E700084007D68B2 /* Extensions */,
				7696FE081E7114D300C57AEC /* DefaultsKeys.swift */,
			);
			name = Helpers;
			sourceTree = "<group>";
		};
		7605F5431E700084007D68B2 /* Extensions */ = {
			isa = PBXGroup;
			children = (
				7605F5441E70008F007D68B2 /* Alamofire.swift */,
			);
			name = Extensions;
			sourceTree = "<group>";
		};
		7605F5461E70039E007D68B2 /* NHK */ = {
			isa = PBXGroup;
			children = (
				7696FE041E70FD9700C57AEC /* NHKArea.swift */,
				7696FE061E70FDF300C57AEC /* NHKDescription.swift */,
				7605F5471E7003C0007D68B2 /* NHKProgram.swift */,
				7696FE021E70E33D00C57AEC /* NHKService.swift */,
			);
			name = NHK;
			sourceTree = "<group>";
		};
		7696FE0C1E7115CD00C57AEC /* Auth */ = {
			isa = PBXGroup;
			children = (
				7696FE0D1E7115E100C57AEC /* AuthController.swift */,
			);
			name = Auth;
			sourceTree = "<group>";
		};
		7696FE101E71325900C57AEC /* NHK */ = {
			isa = PBXGroup;
			children = (
				7696FE111E7132C200C57AEC /* NHKProgramListViewController.swift */,
				7696FE131E7132D100C57AEC /* NHKProgramDetailViewController.swift */,
			);
			name = NHK;
			sourceTree = "<group>";
		};
		7697CD031E6FEE2100F44860 = {
			isa = PBXGroup;
			children = (
				761A4CC11E792BF600AFDE15 /* MyPlayground.playground */,
				7697CD0E1E6FEE2100F44860 /* PPApp */,
				7697CD251E6FEE2200F44860 /* PPAppTests */,
				7697CD301E6FEE2200F44860 /* PPAppUITests */,
				7697CD0D1E6FEE2100F44860 /* Products */,
				52B7BD313E46BECF97679ED5 /* Pods */,
				8FFCF183D38EC392D946F1DB /* Frameworks */,
			);
			sourceTree = "<group>";
		};
		7697CD0D1E6FEE2100F44860 /* Products */ = {
			isa = PBXGroup;
			children = (
				7697CD0C1E6FEE2100F44860 /* PPApp.app */,
				7697CD221E6FEE2200F44860 /* PPAppTests.xctest */,
				7697CD2D1E6FEE2200F44860 /* PPAppUITests.xctest */,
			);
			name = Products;
			sourceTree = "<group>";
		};
		7697CD0E1E6FEE2100F44860 /* PPApp */ = {
			isa = PBXGroup;
			children = (
				7697CD0F1E6FEE2100F44860 /* AppDelegate.swift */,
				7605F5311E6FF17C007D68B2 /* API */,
				7697CD411E6FEE5800F44860 /* Views */,
				7697CD401E6FEE5100F44860 /* Models */,
				7697CD3F1E6FEE4800F44860 /* Controllers */,
				7605F5421E700072007D68B2 /* Helpers */,
				7697CD421E6FEE6A00F44860 /* Storyboards */,
				7697CD181E6FEE2100F44860 /* Assets.xcassets */,
				7697CD1D1E6FEE2100F44860 /* Info.plist */,
			);
			path = PPApp;
			sourceTree = "<group>";
		};
		7697CD251E6FEE2200F44860 /* PPAppTests */ = {
			isa = PBXGroup;
			children = (
				7697CD261E6FEE2200F44860 /* PPAppTests.swift */,
				7697CD281E6FEE2200F44860 /* Info.plist */,
			);
			path = PPAppTests;
			sourceTree = "<group>";
		};
		7697CD301E6FEE2200F44860 /* PPAppUITests */ = {
			isa = PBXGroup;
			children = (
				7697CD311E6FEE2200F44860 /* PPAppUITests.swift */,
				7697CD331E6FEE2200F44860 /* Info.plist */,
			);
			path = PPAppUITests;
			sourceTree = "<group>";
		};
		7697CD3F1E6FEE4800F44860 /* Controllers */ = {
			isa = PBXGroup;
			children = (
				7696FE101E71325900C57AEC /* NHK */,
				7696FE0C1E7115CD00C57AEC /* Auth */,
				7697CD131E6FEE2100F44860 /* SecondViewController.swift */,
				76E803341E78EC5A005A0C20 /* LayoutTestViewController.swift */,
			);
			name = Controllers;
			sourceTree = "<group>";
		};
		7697CD401E6FEE5100F44860 /* Models */ = {
			isa = PBXGroup;
			children = (
				7605F5461E70039E007D68B2 /* NHK */,
			);
			name = Models;
			sourceTree = "<group>";
		};
		7697CD411E6FEE5800F44860 /* Views */ = {
			isa = PBXGroup;
			children = (
			);
			name = Views;
			sourceTree = "<group>";
		};
		7697CD421E6FEE6A00F44860 /* Storyboards */ = {
			isa = PBXGroup;
			children = (
				7696FE0A1E71159500C57AEC /* Auth.storyboard */,
				7697CD1A1E6FEE2100F44860 /* LaunchScreen.storyboard */,
				7697CD151E6FEE2100F44860 /* Main.storyboard */,
			);
			name = Storyboards;
			sourceTree = "<group>";
		};
		8FFCF183D38EC392D946F1DB /* Frameworks */ = {
			isa = PBXGroup;
			children = (
				824A87A35D48FE8299C021D0 /* Pods_PPApp.framework */,
				E51CD529D298A7D231B7D9F8 /* Pods_PPAppTests.framework */,
				41AE8CD1F5DFCE595B833BB2 /* Pods_PPAppUITests.framework */,
			);
			name = Frameworks;
			sourceTree = "<group>";
		};
/* End PBXGroup section */

/* Begin PBXNativeTarget section */
		7697CD0B1E6FEE2100F44860 /* PPApp */ = {
			isa = PBXNativeTarget;
			buildConfigurationList = 7697CD361E6FEE2200F44860 /* Build configuration list for PBXNativeTarget "PPApp" */;
			buildPhases = (
				D0BFBAB220A6BA17B83AD482 /* [CP] Check Pods Manifest.lock */,
				7697CD081E6FEE2100F44860 /* Sources */,
				7697CD091E6FEE2100F44860 /* Frameworks */,
				7697CD0A1E6FEE2100F44860 /* Resources */,
				3A573C3CDACE075F405AB831 /* [CP] Embed Pods Frameworks */,
				9E849FD5D175D3F494A09835 /* [CP] Copy Pods Resources */,
			);
			buildRules = (
			);
			dependencies = (
			);
			name = PPApp;
			productName = PPApp;
			productReference = 7697CD0C1E6FEE2100F44860 /* PPApp.app */;
			productType = "com.apple.product-type.application";
		};
		7697CD211E6FEE2200F44860 /* PPAppTests */ = {
			isa = PBXNativeTarget;
			buildConfigurationList = 7697CD391E6FEE2200F44860 /* Build configuration list for PBXNativeTarget "PPAppTests" */;
			buildPhases = (
				1A6036D3C0C0F32EC45AFE22 /* [CP] Check Pods Manifest.lock */,
				7697CD1E1E6FEE2200F44860 /* Sources */,
				7697CD1F1E6FEE2200F44860 /* Frameworks */,
				7697CD201E6FEE2200F44860 /* Resources */,
				FD21F1DE2FDFE21CD31A5918 /* [CP] Embed Pods Frameworks */,
				F3C06026DE7653BA5BEE529C /* [CP] Copy Pods Resources */,
			);
			buildRules = (
			);
			dependencies = (
				7697CD241E6FEE2200F44860 /* PBXTargetDependency */,
			);
			name = PPAppTests;
			productName = PPAppTests;
			productReference = 7697CD221E6FEE2200F44860 /* PPAppTests.xctest */;
			productType = "com.apple.product-type.bundle.unit-test";
		};
		7697CD2C1E6FEE2200F44860 /* PPAppUITests */ = {
			isa = PBXNativeTarget;
			buildConfigurationList = 7697CD3C1E6FEE2200F44860 /* Build configuration list for PBXNativeTarget "PPAppUITests" */;
			buildPhases = (
				A5234BA8DE408D8D81CA3B51 /* [CP] Check Pods Manifest.lock */,
				7697CD291E6FEE2200F44860 /* Sources */,
				7697CD2A1E6FEE2200F44860 /* Frameworks */,
				7697CD2B1E6FEE2200F44860 /* Resources */,
				0BE61F599FEB0A438F1B4B3E /* [CP] Embed Pods Frameworks */,
				34CB0A7ADB67E0176ED16746 /* [CP] Copy Pods Resources */,
			);
			buildRules = (
			);
			dependencies = (
				7697CD2F1E6FEE2200F44860 /* PBXTargetDependency */,
			);
			name = PPAppUITests;
			productName = PPAppUITests;
			productReference = 7697CD2D1E6FEE2200F44860 /* PPAppUITests.xctest */;
			productType = "com.apple.product-type.bundle.ui-testing";
		};
/* End PBXNativeTarget section */

/* Begin PBXProject section */
		7697CD041E6FEE2100F44860 /* Project object */ = {
			isa = PBXProject;
			attributes = {
				LastSwiftUpdateCheck = 0820;
				LastUpgradeCheck = 0820;
				ORGANIZATIONNAME = "Matthew Pinkston";
				TargetAttributes = {
					7697CD0B1E6FEE2100F44860 = {
						CreatedOnToolsVersion = 8.2.1;
						ProvisioningStyle = Automatic;
					};
					7697CD211E6FEE2200F44860 = {
						CreatedOnToolsVersion = 8.2.1;
						ProvisioningStyle = Automatic;
						TestTargetID = 7697CD0B1E6FEE2100F44860;
					};
					7697CD2C1E6FEE2200F44860 = {
						CreatedOnToolsVersion = 8.2.1;
						ProvisioningStyle = Automatic;
						TestTargetID = 7697CD0B1E6FEE2100F44860;
					};
				};
			};
			buildConfigurationList = 7697CD071E6FEE2100F44860 /* Build configuration list for PBXProject "PPApp" */;
			compatibilityVersion = "Xcode 3.2";
			developmentRegion = English;
			hasScannedForEncodings = 0;
			knownRegions = (
				en,
				Base,
			);
			mainGroup = 7697CD031E6FEE2100F44860;
			productRefGroup = 7697CD0D1E6FEE2100F44860 /* Products */;
			projectDirPath = "";
			projectRoot = "";
			targets = (
				7697CD0B1E6FEE2100F44860 /* PPApp */,
				7697CD211E6FEE2200F44860 /* PPAppTests */,
				7697CD2C1E6FEE2200F44860 /* PPAppUITests */,
			);
		};
/* End PBXProject section */

/* Begin PBXResourcesBuildPhase section */
		7697CD0A1E6FEE2100F44860 /* Resources */ = {
			isa = PBXResourcesBuildPhase;
			buildActionMask = 2147483647;
			files = (
				7696FE0B1E71159500C57AEC /* Auth.storyboard in Resources */,
				7697CD1C1E6FEE2100F44860 /* LaunchScreen.storyboard in Resources */,
				7697CD191E6FEE2100F44860 /* Assets.xcassets in Resources */,
				7697CD171E6FEE2100F44860 /* Main.storyboard in Resources */,
			);
			runOnlyForDeploymentPostprocessing = 0;
		};
		7697CD201E6FEE2200F44860 /* Resources */ = {
			isa = PBXResourcesBuildPhase;
			buildActionMask = 2147483647;
			files = (
			);
			runOnlyForDeploymentPostprocessing = 0;
		};
		7697CD2B1E6FEE2200F44860 /* Resources */ = {
			isa = PBXResourcesBuildPhase;
			buildActionMask = 2147483647;
			files = (
			);
			runOnlyForDeploymentPostprocessing = 0;
		};
/* End PBXResourcesBuildPhase section */

/* Begin PBXShellScriptBuildPhase section */
		0BE61F599FEB0A438F1B4B3E /* [CP] Embed Pods Frameworks */ = {
			isa = PBXShellScriptBuildPhase;
			buildActionMask = 2147483647;
			files = (
			);
			inputPaths = (
			);
			name = "[CP] Embed Pods Frameworks";
			outputPaths = (
			);
			runOnlyForDeploymentPostprocessing = 0;
			shellPath = /bin/sh;
			shellScript = "\"${SRCROOT}/Pods/Target Support Files/Pods-PPAppUITests/Pods-PPAppUITests-frameworks.sh\"\n";
			showEnvVarsInLog = 0;
		};
		1A6036D3C0C0F32EC45AFE22 /* [CP] Check Pods Manifest.lock */ = {
			isa = PBXShellScriptBuildPhase;
			buildActionMask = 2147483647;
			files = (
			);
			inputPaths = (
			);
			name = "[CP] Check Pods Manifest.lock";
			outputPaths = (
			);
			runOnlyForDeploymentPostprocessing = 0;
			shellPath = /bin/sh;
			shellScript = "diff \"${PODS_ROOT}/../Podfile.lock\" \"${PODS_ROOT}/Manifest.lock\" > /dev/null\nif [ $? != 0 ] ; then\n    # print error to STDERR\n    echo \"error: The sandbox is not in sync with the Podfile.lock. Run 'pod install' or update your CocoaPods installation.\" >&2\n    exit 1\nfi\n";
			showEnvVarsInLog = 0;
		};
		34CB0A7ADB67E0176ED16746 /* [CP] Copy Pods Resources */ = {
			isa = PBXShellScriptBuildPhase;
			buildActionMask = 2147483647;
			files = (
			);
			inputPaths = (
			);
			name = "[CP] Copy Pods Resources";
			outputPaths = (
			);
			runOnlyForDeploymentPostprocessing = 0;
			shellPath = /bin/sh;
			shellScript = "\"${SRCROOT}/Pods/Target Support Files/Pods-PPAppUITests/Pods-PPAppUITests-resources.sh\"\n";
			showEnvVarsInLog = 0;
		};
		3A573C3CDACE075F405AB831 /* [CP] Embed Pods Frameworks */ = {
			isa = PBXShellScriptBuildPhase;
			buildActionMask = 2147483647;
			files = (
			);
			inputPaths = (
			);
			name = "[CP] Embed Pods Frameworks";
			outputPaths = (
			);
			runOnlyForDeploymentPostprocessing = 0;
			shellPath = /bin/sh;
			shellScript = "\"${SRCROOT}/Pods/Target Support Files/Pods-PPApp/Pods-PPApp-frameworks.sh\"\n";
			showEnvVarsInLog = 0;
		};
		9E849FD5D175D3F494A09835 /* [CP] Copy Pods Resources */ = {
			isa = PBXShellScriptBuildPhase;
			buildActionMask = 2147483647;
			files = (
			);
			inputPaths = (
			);
			name = "[CP] Copy Pods Resources";
			outputPaths = (
			);
			runOnlyForDeploymentPostprocessing = 0;
			shellPath = /bin/sh;
			shellScript = "\"${SRCROOT}/Pods/Target Support Files/Pods-PPApp/Pods-PPApp-resources.sh\"\n";
			showEnvVarsInLog = 0;
		};
		A5234BA8DE408D8D81CA3B51 /* [CP] Check Pods Manifest.lock */ = {
			isa = PBXShellScriptBuildPhase;
			buildActionMask = 2147483647;
			files = (
			);
			inputPaths = (
			);
			name = "[CP] Check Pods Manifest.lock";
			outputPaths = (
			);
			runOnlyForDeploymentPostprocessing = 0;
			shellPath = /bin/sh;
			shellScript = "diff \"${PODS_ROOT}/../Podfile.lock\" \"${PODS_ROOT}/Manifest.lock\" > /dev/null\nif [ $? != 0 ] ; then\n    # print error to STDERR\n    echo \"error: The sandbox is not in sync with the Podfile.lock. Run 'pod install' or update your CocoaPods installation.\" >&2\n    exit 1\nfi\n";
			showEnvVarsInLog = 0;
		};
		D0BFBAB220A6BA17B83AD482 /* [CP] Check Pods Manifest.lock */ = {
			isa = PBXShellScriptBuildPhase;
			buildActionMask = 2147483647;
			files = (
			);
			inputPaths = (
			);
			name = "[CP] Check Pods Manifest.lock";
			outputPaths = (
			);
			runOnlyForDeploymentPostprocessing = 0;
			shellPath = /bin/sh;
			shellScript = "diff \"${PODS_ROOT}/../Podfile.lock\" \"${PODS_ROOT}/Manifest.lock\" > /dev/null\nif [ $? != 0 ] ; then\n    # print error to STDERR\n    echo \"error: The sandbox is not in sync with the Podfile.lock. Run 'pod install' or update your CocoaPods installation.\" >&2\n    exit 1\nfi\n";
			showEnvVarsInLog = 0;
		};
		F3C06026DE7653BA5BEE529C /* [CP] Copy Pods Resources */ = {
			isa = PBXShellScriptBuildPhase;
			buildActionMask = 2147483647;
			files = (
			);
			inputPaths = (
			);
			name = "[CP] Copy Pods Resources";
			outputPaths = (
			);
			runOnlyForDeploymentPostprocessing = 0;
			shellPath = /bin/sh;
			shellScript = "\"${SRCROOT}/Pods/Target Support Files/Pods-PPAppTests/Pods-PPAppTests-resources.sh\"\n";
			showEnvVarsInLog = 0;
		};
		FD21F1DE2FDFE21CD31A5918 /* [CP] Embed Pods Frameworks */ = {
			isa = PBXShellScriptBuildPhase;
			buildActionMask = 2147483647;
			files = (
			);
			inputPaths = (
			);
			name = "[CP] Embed Pods Frameworks";
			outputPaths = (
			);
			runOnlyForDeploymentPostprocessing = 0;
			shellPath = /bin/sh;
			shellScript = "\"${SRCROOT}/Pods/Target Support Files/Pods-PPAppTests/Pods-PPAppTests-frameworks.sh\"\n";
			showEnvVarsInLog = 0;
		};
/* End PBXShellScriptBuildPhase section */

/* Begin PBXSourcesBuildPhase section */
		7697CD081E6FEE2100F44860 /* Sources */ = {
			isa = PBXSourcesBuildPhase;
			buildActionMask = 2147483647;
			files = (
				7697CD141E6FEE2100F44860 /* SecondViewController.swift in Sources */,
				7697CD101E6FEE2100F44860 /* AppDelegate.swift in Sources */,
				7605F5391E6FF627007D68B2 /* NHKRouter.swift in Sources */,
				7696FE121E7132C200C57AEC /* NHKProgramListViewController.swift in Sources */,
				7605F53C1E6FF764007D68B2 /* NHKRequest.swift in Sources */,
				7605F5371E6FF449007D68B2 /* Router.swift in Sources */,
				7696FE0E1E7115E100C57AEC /* AuthController.swift in Sources */,
				7696FE031E70E33D00C57AEC /* NHKService.swift in Sources */,
				7696FE071E70FDF300C57AEC /* NHKDescription.swift in Sources */,
				7605F5411E6FFFE6007D68B2 /* NHK.swift in Sources */,
				7605F5481E7003C0007D68B2 /* NHKProgram.swift in Sources */,
				7605F5451E70008F007D68B2 /* Alamofire.swift in Sources */,
				7696FE141E7132D100C57AEC /* NHKProgramDetailViewController.swift in Sources */,
				7696FE091E7114D300C57AEC /* DefaultsKeys.swift in Sources */,
				76E803351E78EC5A005A0C20 /* LayoutTestViewController.swift in Sources */,
				7605F5341E6FF212007D68B2 /* API.swift in Sources */,
				7696FE051E70FD9700C57AEC /* NHKArea.swift in Sources */,
				7605F53E1E6FFAE4007D68B2 /* Request.swift in Sources */,
			);
			runOnlyForDeploymentPostprocessing = 0;
		};
		7697CD1E1E6FEE2200F44860 /* Sources */ = {
			isa = PBXSourcesBuildPhase;
			buildActionMask = 2147483647;
			files = (
				7697CD271E6FEE2200F44860 /* PPAppTests.swift in Sources */,
			);
			runOnlyForDeploymentPostprocessing = 0;
		};
		7697CD291E6FEE2200F44860 /* Sources */ = {
			isa = PBXSourcesBuildPhase;
			buildActionMask = 2147483647;
			files = (
				7697CD321E6FEE2200F44860 /* PPAppUITests.swift in Sources */,
			);
			runOnlyForDeploymentPostprocessing = 0;
		};
/* End PBXSourcesBuildPhase section */

/* Begin PBXTargetDependency section */
		7697CD241E6FEE2200F44860 /* PBXTargetDependency */ = {
			isa = PBXTargetDependency;
			target = 7697CD0B1E6FEE2100F44860 /* PPApp */;
			targetProxy = 7697CD231E6FEE2200F44860 /* PBXContainerItemProxy */;
		};
		7697CD2F1E6FEE2200F44860 /* PBXTargetDependency */ = {
			isa = PBXTargetDependency;
			target = 7697CD0B1E6FEE2100F44860 /* PPApp */;
			targetProxy = 7697CD2E1E6FEE2200F44860 /* PBXContainerItemProxy */;
		};
/* End PBXTargetDependency section */

/* Begin PBXVariantGroup section */
		7697CD151E6FEE2100F44860 /* Main.storyboard */ = {
			isa = PBXVariantGroup;
			children = (
				7697CD161E6FEE2100F44860 /* Base */,
			);
			name = Main.storyboard;
			sourceTree = "<group>";
		};
		7697CD1A1E6FEE2100F44860 /* LaunchScreen.storyboard */ = {
			isa = PBXVariantGroup;
			children = (
				7697CD1B1E6FEE2100F44860 /* Base */,
			);
			name = LaunchScreen.storyboard;
			sourceTree = "<group>";
		};
/* End PBXVariantGroup section */

/* Begin XCBuildConfiguration section */
		7697CD341E6FEE2200F44860 /* Debug */ = {
			isa = XCBuildConfiguration;
			buildSettings = {
				ALWAYS_SEARCH_USER_PATHS = NO;
				CLANG_ANALYZER_NONNULL = YES;
				CLANG_CXX_LANGUAGE_STANDARD = "gnu++0x";
				CLANG_CXX_LIBRARY = "libc++";
				CLANG_ENABLE_MODULES = YES;
				CLANG_ENABLE_OBJC_ARC = YES;
				CLANG_WARN_BOOL_CONVERSION = YES;
				CLANG_WARN_CONSTANT_CONVERSION = YES;
				CLANG_WARN_DIRECT_OBJC_ISA_USAGE = YES_ERROR;
				CLANG_WARN_DOCUMENTATION_COMMENTS = YES;
				CLANG_WARN_EMPTY_BODY = YES;
				CLANG_WARN_ENUM_CONVERSION = YES;
				CLANG_WARN_INFINITE_RECURSION = YES;
				CLANG_WARN_INT_CONVERSION = YES;
				CLANG_WARN_OBJC_ROOT_CLASS = YES_ERROR;
				CLANG_WARN_SUSPICIOUS_MOVE = YES;
				CLANG_WARN_UNREACHABLE_CODE = YES;
				CLANG_WARN__DUPLICATE_METHOD_MATCH = YES;
				"CODE_SIGN_IDENTITY[sdk=iphoneos*]" = "iPhone Developer";
				COPY_PHASE_STRIP = NO;
				DEBUG_INFORMATION_FORMAT = dwarf;
				ENABLE_STRICT_OBJC_MSGSEND = YES;
				ENABLE_TESTABILITY = YES;
				GCC_C_LANGUAGE_STANDARD = gnu99;
				GCC_DYNAMIC_NO_PIC = NO;
				GCC_NO_COMMON_BLOCKS = YES;
				GCC_OPTIMIZATION_LEVEL = 0;
				GCC_PREPROCESSOR_DEFINITIONS = (
					"DEBUG=1",
					"$(inherited)",
				);
				GCC_WARN_64_TO_32_BIT_CONVERSION = YES;
				GCC_WARN_ABOUT_RETURN_TYPE = YES_ERROR;
				GCC_WARN_UNDECLARED_SELECTOR = YES;
				GCC_WARN_UNINITIALIZED_AUTOS = YES_AGGRESSIVE;
				GCC_WARN_UNUSED_FUNCTION = YES;
				GCC_WARN_UNUSED_VARIABLE = YES;
				IPHONEOS_DEPLOYMENT_TARGET = 10.2;
				MTL_ENABLE_DEBUG_INFO = YES;
				ONLY_ACTIVE_ARCH = YES;
				SDKROOT = iphoneos;
				SWIFT_ACTIVE_COMPILATION_CONDITIONS = DEBUG;
				SWIFT_OPTIMIZATION_LEVEL = "-Onone";
				TARGETED_DEVICE_FAMILY = "1,2";
			};
			name = Debug;
		};
		7697CD351E6FEE2200F44860 /* Release */ = {
			isa = XCBuildConfiguration;
			buildSettings = {
				ALWAYS_SEARCH_USER_PATHS = NO;
				CLANG_ANALYZER_NONNULL = YES;
				CLANG_CXX_LANGUAGE_STANDARD = "gnu++0x";
				CLANG_CXX_LIBRARY = "libc++";
				CLANG_ENABLE_MODULES = YES;
				CLANG_ENABLE_OBJC_ARC = YES;
				CLANG_WARN_BOOL_CONVERSION = YES;
				CLANG_WARN_CONSTANT_CONVERSION = YES;
				CLANG_WARN_DIRECT_OBJC_ISA_USAGE = YES_ERROR;
				CLANG_WARN_DOCUMENTATION_COMMENTS = YES;
				CLANG_WARN_EMPTY_BODY = YES;
				CLANG_WARN_ENUM_CONVERSION = YES;
				CLANG_WARN_INFINITE_RECURSION = YES;
				CLANG_WARN_INT_CONVERSION = YES;
				CLANG_WARN_OBJC_ROOT_CLASS = YES_ERROR;
				CLANG_WARN_SUSPICIOUS_MOVE = YES;
				CLANG_WARN_UNREACHABLE_CODE = YES;
				CLANG_WARN__DUPLICATE_METHOD_MATCH = YES;
				"CODE_SIGN_IDENTITY[sdk=iphoneos*]" = "iPhone Developer";
				COPY_PHASE_STRIP = NO;
				DEBUG_INFORMATION_FORMAT = "dwarf-with-dsym";
				ENABLE_NS_ASSERTIONS = NO;
				ENABLE_STRICT_OBJC_MSGSEND = YES;
				GCC_C_LANGUAGE_STANDARD = gnu99;
				GCC_NO_COMMON_BLOCKS = YES;
				GCC_WARN_64_TO_32_BIT_CONVERSION = YES;
				GCC_WARN_ABOUT_RETURN_TYPE = YES_ERROR;
				GCC_WARN_UNDECLARED_SELECTOR = YES;
				GCC_WARN_UNINITIALIZED_AUTOS = YES_AGGRESSIVE;
				GCC_WARN_UNUSED_FUNCTION = YES;
				GCC_WARN_UNUSED_VARIABLE = YES;
				IPHONEOS_DEPLOYMENT_TARGET = 10.2;
				MTL_ENABLE_DEBUG_INFO = NO;
				SDKROOT = iphoneos;
				SWIFT_OPTIMIZATION_LEVEL = "-Owholemodule";
				TARGETED_DEVICE_FAMILY = "1,2";
				VALIDATE_PRODUCT = YES;
			};
			name = Release;
		};
		7697CD371E6FEE2200F44860 /* Debug */ = {
			isa = XCBuildConfiguration;
			baseConfigurationReference = FC2A380462DB3094FE78A415 /* Pods-PPApp.debug.xcconfig */;
			buildSettings = {
				ASSETCATALOG_COMPILER_APPICON_NAME = AppIcon;
				INFOPLIST_FILE = PPApp/Info.plist;
				LD_RUNPATH_SEARCH_PATHS = "$(inherited) @executable_path/Frameworks";
				PRODUCT_BUNDLE_IDENTIFIER = com.vekis.PPApp;
				PRODUCT_NAME = "$(TARGET_NAME)";
				SWIFT_VERSION = 3.0;
			};
			name = Debug;
		};
		7697CD381E6FEE2200F44860 /* Release */ = {
			isa = XCBuildConfiguration;
			baseConfigurationReference = CB98AF24E9C089888540DADD /* Pods-PPApp.release.xcconfig */;
			buildSettings = {
				ASSETCATALOG_COMPILER_APPICON_NAME = AppIcon;
				INFOPLIST_FILE = PPApp/Info.plist;
				LD_RUNPATH_SEARCH_PATHS = "$(inherited) @executable_path/Frameworks";
				PRODUCT_BUNDLE_IDENTIFIER = com.vekis.PPApp;
				PRODUCT_NAME = "$(TARGET_NAME)";
				SWIFT_VERSION = 3.0;
			};
			name = Release;
		};
		7697CD3A1E6FEE2200F44860 /* Debug */ = {
			isa = XCBuildConfiguration;
			baseConfigurationReference = A534D9D8E970FEBB434BAA49 /* Pods-PPAppTests.debug.xcconfig */;
			buildSettings = {
				ALWAYS_EMBED_SWIFT_STANDARD_LIBRARIES = "$(inherited)";
				BUNDLE_LOADER = "$(TEST_HOST)";
				INFOPLIST_FILE = PPAppTests/Info.plist;
				LD_RUNPATH_SEARCH_PATHS = "$(inherited) @executable_path/Frameworks @loader_path/Frameworks";
				PRODUCT_BUNDLE_IDENTIFIER = com.vekis.PPAppTests;
				PRODUCT_NAME = "$(TARGET_NAME)";
				SWIFT_VERSION = 3.0;
				TEST_HOST = "$(BUILT_PRODUCTS_DIR)/PPApp.app/PPApp";
			};
			name = Debug;
		};
		7697CD3B1E6FEE2200F44860 /* Release */ = {
			isa = XCBuildConfiguration;
			baseConfigurationReference = 498FA3DB2D5416BF26ABFCB9 /* Pods-PPAppTests.release.xcconfig */;
			buildSettings = {
				ALWAYS_EMBED_SWIFT_STANDARD_LIBRARIES = "$(inherited)";
				BUNDLE_LOADER = "$(TEST_HOST)";
				INFOPLIST_FILE = PPAppTests/Info.plist;
				LD_RUNPATH_SEARCH_PATHS = "$(inherited) @executable_path/Frameworks @loader_path/Frameworks";
				PRODUCT_BUNDLE_IDENTIFIER = com.vekis.PPAppTests;
				PRODUCT_NAME = "$(TARGET_NAME)";
				SWIFT_VERSION = 3.0;
				TEST_HOST = "$(BUILT_PRODUCTS_DIR)/PPApp.app/PPApp";
			};
			name = Release;
		};
		7697CD3D1E6FEE2200F44860 /* Debug */ = {
			isa = XCBuildConfiguration;
			baseConfigurationReference = C34205C53DA6C106BC5BBDE8 /* Pods-PPAppUITests.debug.xcconfig */;
			buildSettings = {
				ALWAYS_EMBED_SWIFT_STANDARD_LIBRARIES = "$(inherited)";
				INFOPLIST_FILE = PPAppUITests/Info.plist;
				LD_RUNPATH_SEARCH_PATHS = "$(inherited) @executable_path/Frameworks @loader_path/Frameworks";
				PRODUCT_BUNDLE_IDENTIFIER = com.vekis.PPAppUITests;
				PRODUCT_NAME = "$(TARGET_NAME)";
				SWIFT_VERSION = 3.0;
				TEST_TARGET_NAME = PPApp;
			};
			name = Debug;
		};
		7697CD3E1E6FEE2200F44860 /* Release */ = {
			isa = XCBuildConfiguration;
			baseConfigurationReference = ACEACC3430FD34CBAB8268AD /* Pods-PPAppUITests.release.xcconfig */;
			buildSettings = {
				ALWAYS_EMBED_SWIFT_STANDARD_LIBRARIES = "$(inherited)";
				INFOPLIST_FILE = PPAppUITests/Info.plist;
				LD_RUNPATH_SEARCH_PATHS = "$(inherited) @executable_path/Frameworks @loader_path/Frameworks";
				PRODUCT_BUNDLE_IDENTIFIER = com.vekis.PPAppUITests;
				PRODUCT_NAME = "$(TARGET_NAME)";
				SWIFT_VERSION = 3.0;
				TEST_TARGET_NAME = PPApp;
			};
			name = Release;
		};
/* End XCBuildConfiguration section */

/* Begin XCConfigurationList section */
		7697CD071E6FEE2100F44860 /* Build configuration list for PBXProject "PPApp" */ = {
			isa = XCConfigurationList;
			buildConfigurations = (
				7697CD341E6FEE2200F44860 /* Debug */,
				7697CD351E6FEE2200F44860 /* Release */,
			);
			defaultConfigurationIsVisible = 0;
			defaultConfigurationName = Release;
		};
		7697CD361E6FEE2200F44860 /* Build configuration list for PBXNativeTarget "PPApp" */ = {
			isa = XCConfigurationList;
			buildConfigurations = (
				7697CD371E6FEE2200F44860 /* Debug */,
				7697CD381E6FEE2200F44860 /* Release */,
			);
			defaultConfigurationIsVisible = 0;
			defaultConfigurationName = Release;
		};
		7697CD391E6FEE2200F44860 /* Build configuration list for PBXNativeTarget "PPAppTests" */ = {
			isa = XCConfigurationList;
			buildConfigurations = (
				7697CD3A1E6FEE2200F44860 /* Debug */,
				7697CD3B1E6FEE2200F44860 /* Release */,
			);
			defaultConfigurationIsVisible = 0;
			defaultConfigurationName = Release;
		};
		7697CD3C1E6FEE2200F44860 /* Build configuration list for PBXNativeTarget "PPAppUITests" */ = {
			isa = XCConfigurationList;
			buildConfigurations = (
				7697CD3D1E6FEE2200F44860 /* Debug */,
				7697CD3E1E6FEE2200F44860 /* Release */,
			);
			defaultConfigurationIsVisible = 0;
			defaultConfigurationName = Release;
		};
/* End XCConfigurationList section */
	};
	rootObject = 7697CD041E6FEE2100F44860 /* Project object */;
}
